
Microsoft Visual Studio Solution File, Format Version 12.00
# Visual Studio Version 17
VisualStudioVersion = 17.0.31903.59
MinimumVisualStudioVersion = 10.0.40219.1
Project("{2150E333-8FDC-42A3-9474-1A3956D46DE8}") = "src", "src", "{F4E4AF18-D669-4E85-A50C-6E3EE0011EEB}"
EndProject
Project("{2150E333-8FDC-42A3-9474-1A3956D46DE8}") = "Microservice", "Microservice", "{41C1C623-D61B-48DF-8E2C-DD96C15AB0E5}"
EndProject
Project("{FAE04EC0-301F-11D3-BF4B-00C04F79EFBC}") = "APIGateway", "src\Microservice\APIGateway\APIGateway.csproj", "{C46CC93E-810F-474A-BE11-4504CFE120C6}"
EndProject
Project("{2150E333-8FDC-42A3-9474-1A3956D46DE8}") = "CET", "CET", "{6B239D09-C252-446F-AD10-D77AB1799EBA}"
EndProject
Project("{FAE04EC0-301F-11D3-BF4B-00C04F79EFBC}") = "CET.API", "src\Microservice\CET\CET.API\CET.API.csproj", "{8EFC233B-EEC8-4250-B0D7-CB8E143EA57C}"
EndProject
Project("{FAE04EC0-301F-11D3-BF4B-00C04F79EFBC}") = "CET.Domain", "src\Microservice\CET\CET.Domain\CET.Domain.csproj", "{56950E6C-89BD-440B-A87C-3C19A4044BC0}"
EndProject
Project("{FAE04EC0-301F-11D3-BF4B-00C04F79EFBC}") = "CET.Service", "src\Microservice\CET\CET.Service\CET.Service.csproj", "{6889C520-203F-4F27-A11B-D20AAA5C143C}"
EndProject
Project("{2150E333-8FDC-42A3-9474-1A3956D46DE8}") = "Core", "Core", "{930E1C4B-B508-428D-97D0-EE7A524ED499}"
EndProject
Project("{FAE04EC0-301F-11D3-BF4B-00C04F79EFBC}") = "Core.Domain", "src\Microservice\Core\Core.Domain\Core.Domain.csproj", "{6BBFA0EA-E43D-4FB8-BE05-00C4507A45E6}"
EndProject
Project("{FAE04EC0-301F-11D3-BF4B-00C04F79EFBC}") = "Core.Service", "src\Microservice\Core\Core.Service\Core.Service.csproj", "{EDE07EAB-D6EE-4EB2-853B-C7ABA854C6AD}"
EndProject
Project("{FAE04EC0-301F-11D3-BF4B-00C04F79EFBC}") = "Database", "src\Database\Database.csproj", "{9612426A-0172-49F5-93A7-7D4B8DEB303D}"
EndProject
Project("{2150E333-8FDC-42A3-9474-1A3956D46DE8}") = "Product", "Product", "{9E0D9AE9-44B6-45E7-9A44-D73C79E02581}"
EndProject
Project("{FAE04EC0-301F-11D3-BF4B-00C04F79EFBC}") = "Product.API", "src\Microservice\Product\Product.API\Product.API.csproj", "{0796BF6C-C5CB-4E81-91F3-850E7B6BEE82}"
EndProject
Project("{FAE04EC0-301F-11D3-BF4B-00C04F79EFBC}") = "Product.Service", "src\Microservice\Product\Product.Service\Product.Service.csproj", "{81185CC6-A379-49EF-9DC1-65C60997042B}"
EndProject
Project("{FAE04EC0-301F-11D3-BF4B-00C04F79EFBC}") = "Product.Domain", "src\Microservice\Product\Product.Domain\Product.Domain.csproj", "{95DBCA3E-94B6-4CB0-9013-55E0AFA82BA4}"
EndProject
Project("{2150E333-8FDC-42A3-9474-1A3956D46DE8}") = "Storage", "Storage", "{11E2E7F6-014D-4412-98F7-63C7D8FE02CE}"
EndProject
Project("{FAE04EC0-301F-11D3-BF4B-00C04F79EFBC}") = "Storage.API", "src\Microservice\Storage\Storage.API\Storage.API.csproj", "{74EFCABD-03B2-497B-9C84-4C7B3E1D3F55}"
EndProject
Project("{FAE04EC0-301F-11D3-BF4B-00C04F79EFBC}") = "Storage.Service", "src\Microservice\Storage\Storage.Service\Storage.Service.csproj", "{8690E8E9-4BF7-435E-876B-28C11A00C348}"
EndProject
Project("{FAE04EC0-301F-11D3-BF4B-00C04F79EFBC}") = "Storage.Domain", "src\Microservice\Storage\Storage.Domain\Storage.Domain.csproj", "{64C1D9C0-5D68-4A91-B74F-8A0A25736C97}"
EndProject
Project("{FAE04EC0-301F-11D3-BF4B-00C04F79EFBC}") = "Web.UI", "src\Web.UI\Web.UI.csproj", "{8FA00349-8E0A-4021-B9C5-4EA8D2F30E03}"
EndProject
Global
	GlobalSection(SolutionConfigurationPlatforms) = preSolution
		Debug|Any CPU = Debug|Any CPU
		Release|Any CPU = Release|Any CPU
	EndGlobalSection
	GlobalSection(SolutionProperties) = preSolution
		HideSolutionNode = FALSE
	EndGlobalSection
	GlobalSection(ProjectConfigurationPlatforms) = postSolution
		{C46CC93E-810F-474A-BE11-4504CFE120C6}.Debug|Any CPU.ActiveCfg = Debug|Any CPU
		{C46CC93E-810F-474A-BE11-4504CFE120C6}.Debug|Any CPU.Build.0 = Debug|Any CPU
		{C46CC93E-810F-474A-BE11-4504CFE120C6}.Release|Any CPU.ActiveCfg = Release|Any CPU
		{C46CC93E-810F-474A-BE11-4504CFE120C6}.Release|Any CPU.Build.0 = Release|Any CPU
		{8EFC233B-EEC8-4250-B0D7-CB8E143EA57C}.Debug|Any CPU.ActiveCfg = Debug|Any CPU
		{8EFC233B-EEC8-4250-B0D7-CB8E143EA57C}.Debug|Any CPU.Build.0 = Debug|Any CPU
		{8EFC233B-EEC8-4250-B0D7-CB8E143EA57C}.Release|Any CPU.ActiveCfg = Release|Any CPU
		{8EFC233B-EEC8-4250-B0D7-CB8E143EA57C}.Release|Any CPU.Build.0 = Release|Any CPU
		{56950E6C-89BD-440B-A87C-3C19A4044BC0}.Debug|Any CPU.ActiveCfg = Debug|Any CPU
		{56950E6C-89BD-440B-A87C-3C19A4044BC0}.Debug|Any CPU.Build.0 = Debug|Any CPU
		{56950E6C-89BD-440B-A87C-3C19A4044BC0}.Release|Any CPU.ActiveCfg = Release|Any CPU
		{56950E6C-89BD-440B-A87C-3C19A4044BC0}.Release|Any CPU.Build.0 = Release|Any CPU
		{6889C520-203F-4F27-A11B-D20AAA5C143C}.Debug|Any CPU.ActiveCfg = Debug|Any CPU
		{6889C520-203F-4F27-A11B-D20AAA5C143C}.Debug|Any CPU.Build.0 = Debug|Any CPU
		{6889C520-203F-4F27-A11B-D20AAA5C143C}.Release|Any CPU.ActiveCfg = Release|Any CPU
		{6889C520-203F-4F27-A11B-D20AAA5C143C}.Release|Any CPU.Build.0 = Release|Any CPU
		{6BBFA0EA-E43D-4FB8-BE05-00C4507A45E6}.Debug|Any CPU.ActiveCfg = Debug|Any CPU
		{6BBFA0EA-E43D-4FB8-BE05-00C4507A45E6}.Debug|Any CPU.Build.0 = Debug|Any CPU
		{6BBFA0EA-E43D-4FB8-BE05-00C4507A45E6}.Release|Any CPU.ActiveCfg = Release|Any CPU
		{6BBFA0EA-E43D-4FB8-BE05-00C4507A45E6}.Release|Any CPU.Build.0 = Release|Any CPU
		{EDE07EAB-D6EE-4EB2-853B-C7ABA854C6AD}.Debug|Any CPU.ActiveCfg = Debug|Any CPU
		{EDE07EAB-D6EE-4EB2-853B-C7ABA854C6AD}.Debug|Any CPU.Build.0 = Debug|Any CPU
		{EDE07EAB-D6EE-4EB2-853B-C7ABA854C6AD}.Release|Any CPU.ActiveCfg = Release|Any CPU
		{EDE07EAB-D6EE-4EB2-853B-C7ABA854C6AD}.Release|Any CPU.Build.0 = Release|Any CPU
		{9612426A-0172-49F5-93A7-7D4B8DEB303D}.Debug|Any CPU.ActiveCfg = Debug|Any CPU
		{9612426A-0172-49F5-93A7-7D4B8DEB303D}.Debug|Any CPU.Build.0 = Debug|Any CPU
		{9612426A-0172-49F5-93A7-7D4B8DEB303D}.Release|Any CPU.ActiveCfg = Release|Any CPU
		{9612426A-0172-49F5-93A7-7D4B8DEB303D}.Release|Any CPU.Build.0 = Release|Any CPU
		{0796BF6C-C5CB-4E81-91F3-850E7B6BEE82}.Debug|Any CPU.ActiveCfg = Debug|Any CPU
		{0796BF6C-C5CB-4E81-91F3-850E7B6BEE82}.Debug|Any CPU.Build.0 = Debug|Any CPU
		{0796BF6C-C5CB-4E81-91F3-850E7B6BEE82}.Release|Any CPU.ActiveCfg = Release|Any CPU
		{0796BF6C-C5CB-4E81-91F3-850E7B6BEE82}.Release|Any CPU.Build.0 = Release|Any CPU
		{81185CC6-A379-49EF-9DC1-65C60997042B}.Debug|Any CPU.ActiveCfg = Debug|Any CPU
		{81185CC6-A379-49EF-9DC1-65C60997042B}.Debug|Any CPU.Build.0 = Debug|Any CPU
		{81185CC6-A379-49EF-9DC1-65C60997042B}.Release|Any CPU.ActiveCfg = Release|Any CPU
		{81185CC6-A379-49EF-9DC1-65C60997042B}.Release|Any CPU.Build.0 = Release|Any CPU
		{95DBCA3E-94B6-4CB0-9013-55E0AFA82BA4}.Debug|Any CPU.ActiveCfg = Debug|Any CPU
		{95DBCA3E-94B6-4CB0-9013-55E0AFA82BA4}.Debug|Any CPU.Build.0 = Debug|Any CPU
		{95DBCA3E-94B6-4CB0-9013-55E0AFA82BA4}.Release|Any CPU.ActiveCfg = Release|Any CPU
		{95DBCA3E-94B6-4CB0-9013-55E0AFA82BA4}.Release|Any CPU.Build.0 = Release|Any CPU
		{74EFCABD-03B2-497B-9C84-4C7B3E1D3F55}.Debug|Any CPU.ActiveCfg = Debug|Any CPU
		{74EFCABD-03B2-497B-9C84-4C7B3E1D3F55}.Debug|Any CPU.Build.0 = Debug|Any CPU
		{74EFCABD-03B2-497B-9C84-4C7B3E1D3F55}.Release|Any CPU.ActiveCfg = Release|Any CPU
		{74EFCABD-03B2-497B-9C84-4C7B3E1D3F55}.Release|Any CPU.Build.0 = Release|Any CPU
		{8690E8E9-4BF7-435E-876B-28C11A00C348}.Debug|Any CPU.ActiveCfg = Debug|Any CPU
		{8690E8E9-4BF7-435E-876B-28C11A00C348}.Debug|Any CPU.Build.0 = Debug|Any CPU
		{8690E8E9-4BF7-435E-876B-28C11A00C348}.Release|Any CPU.ActiveCfg = Release|Any CPU
		{8690E8E9-4BF7-435E-876B-28C11A00C348}.Release|Any CPU.Build.0 = Release|Any CPU
		{64C1D9C0-5D68-4A91-B74F-8A0A25736C97}.Debug|Any CPU.ActiveCfg = Debug|Any CPU
		{64C1D9C0-5D68-4A91-B74F-8A0A25736C97}.Debug|Any CPU.Build.0 = Debug|Any CPU
		{64C1D9C0-5D68-4A91-B74F-8A0A25736C97}.Release|Any CPU.ActiveCfg = Release|Any CPU
		{64C1D9C0-5D68-4A91-B74F-8A0A25736C97}.Release|Any CPU.Build.0 = Release|Any CPU
		{8FA00349-8E0A-4021-B9C5-4EA8D2F30E03}.Debug|Any CPU.ActiveCfg = Debug|Any CPU
		{8FA00349-8E0A-4021-B9C5-4EA8D2F30E03}.Debug|Any CPU.Build.0 = Debug|Any CPU
		{8FA00349-8E0A-4021-B9C5-4EA8D2F30E03}.Release|Any CPU.ActiveCfg = Release|Any CPU
		{8FA00349-8E0A-4021-B9C5-4EA8D2F30E03}.Release|Any CPU.Build.0 = Release|Any CPU
	EndGlobalSection
	GlobalSection(NestedProjects) = preSolution
		{41C1C623-D61B-48DF-8E2C-DD96C15AB0E5} = {F4E4AF18-D669-4E85-A50C-6E3EE0011EEB}
		{C46CC93E-810F-474A-BE11-4504CFE120C6} = {41C1C623-D61B-48DF-8E2C-DD96C15AB0E5}
		{6B239D09-C252-446F-AD10-D77AB1799EBA} = {41C1C623-D61B-48DF-8E2C-DD96C15AB0E5}
		{8EFC233B-EEC8-4250-B0D7-CB8E143EA57C} = {6B239D09-C252-446F-AD10-D77AB1799EBA}
		{56950E6C-89BD-440B-A87C-3C19A4044BC0} = {6B239D09-C252-446F-AD10-D77AB1799EBA}
		{6889C520-203F-4F27-A11B-D20AAA5C143C} = {6B239D09-C252-446F-AD10-D77AB1799EBA}
		{930E1C4B-B508-428D-97D0-EE7A524ED499} = {41C1C623-D61B-48DF-8E2C-DD96C15AB0E5}
		{6BBFA0EA-E43D-4FB8-BE05-00C4507A45E6} = {930E1C4B-B508-428D-97D0-EE7A524ED499}
		{EDE07EAB-D6EE-4EB2-853B-C7ABA854C6AD} = {930E1C4B-B508-428D-97D0-EE7A524ED499}
		{9612426A-0172-49F5-93A7-7D4B8DEB303D} = {F4E4AF18-D669-4E85-A50C-6E3EE0011EEB}
		{9E0D9AE9-44B6-45E7-9A44-D73C79E02581} = {41C1C623-D61B-48DF-8E2C-DD96C15AB0E5}
		{0796BF6C-C5CB-4E81-91F3-850E7B6BEE82} = {9E0D9AE9-44B6-45E7-9A44-D73C79E02581}
		{81185CC6-A379-49EF-9DC1-65C60997042B} = {9E0D9AE9-44B6-45E7-9A44-D73C79E02581}
		{95DBCA3E-94B6-4CB0-9013-55E0AFA82BA4} = {9E0D9AE9-44B6-45E7-9A44-D73C79E02581}
		{11E2E7F6-014D-4412-98F7-63C7D8FE02CE} = {41C1C623-D61B-48DF-8E2C-DD96C15AB0E5}
		{74EFCABD-03B2-497B-9C84-4C7B3E1D3F55} = {11E2E7F6-014D-4412-98F7-63C7D8FE02CE}
		{8690E8E9-4BF7-435E-876B-28C11A00C348} = {11E2E7F6-014D-4412-98F7-63C7D8FE02CE}
		{64C1D9C0-5D68-4A91-B74F-8A0A25736C97} = {11E2E7F6-014D-4412-98F7-63C7D8FE02CE}
		{8FA00349-8E0A-4021-B9C5-4EA8D2F30E03} = {F4E4AF18-D669-4E85-A50C-6E3EE0011EEB}
	EndGlobalSection
EndGlobal
