
Microsoft Visual Studio Solution File, Format Version 12.00
# Visual Studio Version 17
VisualStudioVersion = 17.0.31903.59
MinimumVisualStudioVersion = 10.0.40219.1
Project("{2150E333-8FDC-42A3-9474-1A3956D46DE8}") = "src", "src", "{F4E4AF18-D669-4E85-A50C-6E3EE0011EEB}"
EndProject
Project("{2150E333-8FDC-42A3-9474-1A3956D46DE8}") = "Microservice", "Microservice", "{41C1C623-D61B-48DF-8E2C-DD96C15AB0E5}"
EndProject
Project("{FAE04EC0-301F-11D3-BF4B-00C04F79EFBC}") = "APIGateway", "src\Microservice\APIGateway\APIGateway.csproj", "{C46CC93E-810F-474A-BE11-4504CFE120C6}"
EndProject
Project("{2150E333-8FDC-42A3-9474-1A3956D46DE8}") = "CET", "CET", "{6B239D09-C252-446F-AD10-D77AB1799EBA}"
EndProject
Project("{FAE04EC0-301F-11D3-BF4B-00C04F79EFBC}") = "CET.API", "src\Microservice\CET\CET.API\CET.API.csproj", "{8EFC233B-EEC8-4250-B0D7-CB8E143EA57C}"
EndProject
Project("{FAE04EC0-301F-11D3-BF4B-00C04F79EFBC}") = "CET.Domain", "src\Microservice\CET\CET.Domain\CET.Domain.csproj", "{56950E6C-89BD-440B-A87C-3C19A4044BC0}"
EndProject
Project("{FAE04EC0-301F-11D3-BF4B-00C04F79EFBC}") = "CET.Service", "src\Microservice\CET\CET.Service\CET.Service.csproj", "{6889C520-203F-4F27-A11B-D20AAA5C143C}"
EndProject
Project("{2150E333-8FDC-42A3-9474-1A3956D46DE8}") = "Core", "Core", "{930E1C4B-B508-428D-97D0-EE7A524ED499}"
EndProject
Project("{FAE04EC0-301F-11D3-BF4B-00C04F79EFBC}") = "Core.Domain", "src\Microservice\Core\Core.Domain\Core.Domain.csproj", "{6BBFA0EA-E43D-4FB8-BE05-00C4507A45E6}"
EndProject
Project("{FAE04EC0-301F-11D3-BF4B-00C04F79EFBC}") = "Core.Service", "src\Microservice\Core\Core.Service\Core.Service.csproj", "{EDE07EAB-D6EE-4EB2-853B-C7ABA854C6AD}"
EndProject
Project("{FAE04EC0-301F-11D3-BF4B-00C04F79EFBC}") = "Database", "src\Database\Database.csproj", "{9612426A-0172-49F5-93A7-7D4B8DEB303D}"
EndProject
Global
	GlobalSection(SolutionConfigurationPlatforms) = preSolution
		Debug|Any CPU = Debug|Any CPU
		Release|Any CPU = Release|Any CPU
	EndGlobalSection
	GlobalSection(SolutionProperties) = preSolution
		HideSolutionNode = FALSE
	EndGlobalSection
	GlobalSection(ProjectConfigurationPlatforms) = postSolution
		{C46CC93E-810F-474A-BE11-4504CFE120C6}.Debug|Any CPU.ActiveCfg = Debug|Any CPU
		{C46CC93E-810F-474A-BE11-4504CFE120C6}.Debug|Any CPU.Build.0 = Debug|Any CPU
		{C46CC93E-810F-474A-BE11-4504CFE120C6}.Release|Any CPU.ActiveCfg = Release|Any CPU
		{C46CC93E-810F-474A-BE11-4504CFE120C6}.Release|Any CPU.Build.0 = Release|Any CPU
		{8EFC233B-EEC8-4250-B0D7-CB8E143EA57C}.Debug|Any CPU.ActiveCfg = Debug|Any CPU
		{8EFC233B-EEC8-4250-B0D7-CB8E143EA57C}.Debug|Any CPU.Build.0 = Debug|Any CPU
		{8EFC233B-EEC8-4250-B0D7-CB8E143EA57C}.Release|Any CPU.ActiveCfg = Release|Any CPU
		{8EFC233B-EEC8-4250-B0D7-CB8E143EA57C}.Release|Any CPU.Build.0 = Release|Any CPU
		{56950E6C-89BD-440B-A87C-3C19A4044BC0}.Debug|Any CPU.ActiveCfg = Debug|Any CPU
		{56950E6C-89BD-440B-A87C-3C19A4044BC0}.Debug|Any CPU.Build.0 = Debug|Any CPU
		{56950E6C-89BD-440B-A87C-3C19A4044BC0}.Release|Any CPU.ActiveCfg = Release|Any CPU
		{56950E6C-89BD-440B-A87C-3C19A4044BC0}.Release|Any CPU.Build.0 = Release|Any CPU
		{6889C520-203F-4F27-A11B-D20AAA5C143C}.Debug|Any CPU.ActiveCfg = Debug|Any CPU
		{6889C520-203F-4F27-A11B-D20AAA5C143C}.Debug|Any CPU.Build.0 = Debug|Any CPU
		{6889C520-203F-4F27-A11B-D20AAA5C143C}.Release|Any CPU.ActiveCfg = Release|Any CPU
		{6889C520-203F-4F27-A11B-D20AAA5C143C}.Release|Any CPU.Build.0 = Release|Any CPU
		{6BBFA0EA-E43D-4FB8-BE05-00C4507A45E6}.Debug|Any CPU.ActiveCfg = Debug|Any CPU
		{6BBFA0EA-E43D-4FB8-BE05-00C4507A45E6}.Debug|Any CPU.Build.0 = Debug|Any CPU
		{6BBFA0EA-E43D-4FB8-BE05-00C4507A45E6}.Release|Any CPU.ActiveCfg = Release|Any CPU
		{6BBFA0EA-E43D-4FB8-BE05-00C4507A45E6}.Release|Any CPU.Build.0 = Release|Any CPU
		{EDE07EAB-D6EE-4EB2-853B-C7ABA854C6AD}.Debug|Any CPU.ActiveCfg = Debug|Any CPU
		{EDE07EAB-D6EE-4EB2-853B-C7ABA854C6AD}.Debug|Any CPU.Build.0 = Debug|Any CPU
		{EDE07EAB-D6EE-4EB2-853B-C7ABA854C6AD}.Release|Any CPU.ActiveCfg = Release|Any CPU
		{EDE07EAB-D6EE-4EB2-853B-C7ABA854C6AD}.Release|Any CPU.Build.0 = Release|Any CPU
		{9612426A-0172-49F5-93A7-7D4B8DEB303D}.Debug|Any CPU.ActiveCfg = Debug|Any CPU
		{9612426A-0172-49F5-93A7-7D4B8DEB303D}.Debug|Any CPU.Build.0 = Debug|Any CPU
		{9612426A-0172-49F5-93A7-7D4B8DEB303D}.Release|Any CPU.ActiveCfg = Release|Any CPU
		{9612426A-0172-49F5-93A7-7D4B8DEB303D}.Release|Any CPU.Build.0 = Release|Any CPU
	EndGlobalSection
	GlobalSection(NestedProjects) = preSolution
		{41C1C623-D61B-48DF-8E2C-DD96C15AB0E5} = {F4E4AF18-D669-4E85-A50C-6E3EE0011EEB}
		{C46CC93E-810F-474A-BE11-4504CFE120C6} = {41C1C623-D61B-48DF-8E2C-DD96C15AB0E5}
		{6B239D09-C252-446F-AD10-D77AB1799EBA} = {41C1C623-D61B-48DF-8E2C-DD96C15AB0E5}
		{8EFC233B-EEC8-4250-B0D7-CB8E143EA57C} = {6B239D09-C252-446F-AD10-D77AB1799EBA}
		{56950E6C-89BD-440B-A87C-3C19A4044BC0} = {6B239D09-C252-446F-AD10-D77AB1799EBA}
		{6889C520-203F-4F27-A11B-D20AAA5C143C} = {6B239D09-C252-446F-AD10-D77AB1799EBA}
		{930E1C4B-B508-428D-97D0-EE7A524ED499} = {41C1C623-D61B-48DF-8E2C-DD96C15AB0E5}
		{6BBFA0EA-E43D-4FB8-BE05-00C4507A45E6} = {930E1C4B-B508-428D-97D0-EE7A524ED499}
		{EDE07EAB-D6EE-4EB2-853B-C7ABA854C6AD} = {930E1C4B-B508-428D-97D0-EE7A524ED499}
		{9612426A-0172-49F5-93A7-7D4B8DEB303D} = {F4E4AF18-D669-4E85-A50C-6E3EE0011EEB}
	EndGlobalSection
EndGlobal
