
Microsoft Visual Studio Solution File, Format Version 12.00
# Visual Studio Version 17
VisualStudioVersion = 17.0.31903.59
MinimumVisualStudioVersion = 10.0.40219.1
Project("{2150E333-8FDC-42A3-9474-1A3956D46DE8}") = "src", "src", "{817EB6F9-E9E0-4B23-BFDA-473B0AB6CA45}"
EndProject
Project("{2150E333-8FDC-42A3-9474-1A3956D46DE8}") = "Microservice", "Microservice", "{91627A2E-F3C8-4001-A2CF-B885357E1499}"
EndProject
Project("{2150E333-8FDC-42A3-9474-1A3956D46DE8}") = "Core", "Core", "{68113F24-43A5-46FE-8194-21D60DFB6B72}"
EndProject
Project("{FAE04EC0-301F-11D3-BF4B-00C04F79EFBC}") = "Core.Domain", "src\Microservice\Core\Core.Domain\Core.Domain.csproj", "{7C09929F-889E-4F55-80AB-3F3BFC5F2346}"
EndProject
Project("{FAE04EC0-301F-11D3-BF4B-00C04F79EFBC}") = "Core.Service", "src\Microservice\Core\Core.Service\Core.Service.csproj", "{63FCF8F9-E577-418D-BCAC-F55499047492}"
EndProject
Project("{FAE04EC0-301F-11D3-BF4B-00C04F79EFBC}") = "APIGateway", "src\Microservice\APIGateway\APIGateway.csproj", "{79230496-D7D3-4E36-BBA3-9C3F3C5025D2}"
EndProject
Project("{2150E333-8FDC-42A3-9474-1A3956D46DE8}") = "CET", "CET", "{ACFAC2AC-AE5F-475E-87B2-4C76753C1FD2}"
EndProject
Project("{FAE04EC0-301F-11D3-BF4B-00C04F79EFBC}") = "CET.API", "src\Microservice\CET\CET.API\CET.API.csproj", "{52CD0C33-3683-4E09-8241-DA26350E0073}"
EndProject
Project("{FAE04EC0-301F-11D3-BF4B-00C04F79EFBC}") = "CET.Domain", "src\Microservice\CET\CET.Domain\CET.Domain.csproj", "{D09A6751-5CDB-4E56-B7D7-054E67A4CBB0}"
EndProject
Project("{FAE04EC0-301F-11D3-BF4B-00C04F79EFBC}") = "CET.Service", "src\Microservice\CET\CET.Service\CET.Service.csproj", "{FE40ABEA-6541-48A6-ADA0-47300AAEC66A}"
EndProject
Project("{2150E333-8FDC-42A3-9474-1A3956D46DE8}") = "Product", "Product", "{850B043F-E5F0-48C1-95AF-17E9F1F1BFFC}"
EndProject
Project("{FAE04EC0-301F-11D3-BF4B-00C04F79EFBC}") = "Product.API", "src\Microservice\Product\Product.API\Product.API.csproj", "{93FB6DEC-CDD7-4F9D-B28F-1673D2B22F9B}"
EndProject
Project("{FAE04EC0-301F-11D3-BF4B-00C04F79EFBC}") = "Product.Domain", "src\Microservice\Product\Product.Domain\Product.Domain.csproj", "{24F8E779-41A7-4978-88D6-EA7452F58292}"
EndProject
Project("{FAE04EC0-301F-11D3-BF4B-00C04F79EFBC}") = "Product.Service", "src\Microservice\Product\Product.Service\Product.Service.csproj", "{4ABDAB31-851C-47B6-8C70-79A7CC84D129}"
EndProject
Project("{2150E333-8FDC-42A3-9474-1A3956D46DE8}") = "Storage", "Storage", "{B8AE5316-5E40-44D8-8C40-1116966F6292}"
EndProject
Project("{FAE04EC0-301F-11D3-BF4B-00C04F79EFBC}") = "Storage.API", "src\Microservice\Storage\Storage.API\Storage.API.csproj", "{F589F25C-7A95-45B2-9D24-D565DA2B4114}"
EndProject
Project("{FAE04EC0-301F-11D3-BF4B-00C04F79EFBC}") = "Storage.Service", "src\Microservice\Storage\Storage.Service\Storage.Service.csproj", "{0D0E8357-0C1C-4061-A961-87F8ADC44852}"
EndProject
Project("{FAE04EC0-301F-11D3-BF4B-00C04F79EFBC}") = "Storage.Domain", "src\Microservice\Storage\Storage.Domain\Storage.Domain.csproj", "{074B21D2-FC85-484C-AE1A-2172CDCB50B0}"
EndProject
Project("{FAE04EC0-301F-11D3-BF4B-00C04F79EFBC}") = "Database", "src\Database\Database.csproj", "{C587E4DA-7C4B-4C83-88E2-888B6F7D5436}"
EndProject
Project("{2150E333-8FDC-42A3-9474-1A3956D46DE8}") = "Web.UI", "Web.UI", "{6ED0C966-1A96-4B17-B7E2-51B783E6E10D}"
EndProject
Project("{FAE04EC0-301F-11D3-BF4B-00C04F79EFBC}") = "Blazor.WebApp", "src\Web.UI\Blazor.WebApp\Blazor.WebApp.csproj", "{CE7F84D5-EB30-4D26-A351-8D96752B5799}"
EndProject
Global
	GlobalSection(SolutionConfigurationPlatforms) = preSolution
		Debug|Any CPU = Debug|Any CPU
		Release|Any CPU = Release|Any CPU
	EndGlobalSection
	GlobalSection(SolutionProperties) = preSolution
		HideSolutionNode = FALSE
	EndGlobalSection
	GlobalSection(ProjectConfigurationPlatforms) = postSolution
		{7C09929F-889E-4F55-80AB-3F3BFC5F2346}.Debug|Any CPU.ActiveCfg = Debug|Any CPU
		{7C09929F-889E-4F55-80AB-3F3BFC5F2346}.Debug|Any CPU.Build.0 = Debug|Any CPU
		{7C09929F-889E-4F55-80AB-3F3BFC5F2346}.Release|Any CPU.ActiveCfg = Release|Any CPU
		{7C09929F-889E-4F55-80AB-3F3BFC5F2346}.Release|Any CPU.Build.0 = Release|Any CPU
		{63FCF8F9-E577-418D-BCAC-F55499047492}.Debug|Any CPU.ActiveCfg = Debug|Any CPU
		{63FCF8F9-E577-418D-BCAC-F55499047492}.Debug|Any CPU.Build.0 = Debug|Any CPU
		{63FCF8F9-E577-418D-BCAC-F55499047492}.Release|Any CPU.ActiveCfg = Release|Any CPU
		{63FCF8F9-E577-418D-BCAC-F55499047492}.Release|Any CPU.Build.0 = Release|Any CPU
		{79230496-D7D3-4E36-BBA3-9C3F3C5025D2}.Debug|Any CPU.ActiveCfg = Debug|Any CPU
		{79230496-D7D3-4E36-BBA3-9C3F3C5025D2}.Debug|Any CPU.Build.0 = Debug|Any CPU
		{79230496-D7D3-4E36-BBA3-9C3F3C5025D2}.Release|Any CPU.ActiveCfg = Release|Any CPU
		{79230496-D7D3-4E36-BBA3-9C3F3C5025D2}.Release|Any CPU.Build.0 = Release|Any CPU
		{52CD0C33-3683-4E09-8241-DA26350E0073}.Debug|Any CPU.ActiveCfg = Debug|Any CPU
		{52CD0C33-3683-4E09-8241-DA26350E0073}.Debug|Any CPU.Build.0 = Debug|Any CPU
		{52CD0C33-3683-4E09-8241-DA26350E0073}.Release|Any CPU.ActiveCfg = Release|Any CPU
		{52CD0C33-3683-4E09-8241-DA26350E0073}.Release|Any CPU.Build.0 = Release|Any CPU
		{D09A6751-5CDB-4E56-B7D7-054E67A4CBB0}.Debug|Any CPU.ActiveCfg = Debug|Any CPU
		{D09A6751-5CDB-4E56-B7D7-054E67A4CBB0}.Debug|Any CPU.Build.0 = Debug|Any CPU
		{D09A6751-5CDB-4E56-B7D7-054E67A4CBB0}.Release|Any CPU.ActiveCfg = Release|Any CPU
		{D09A6751-5CDB-4E56-B7D7-054E67A4CBB0}.Release|Any CPU.Build.0 = Release|Any CPU
		{FE40ABEA-6541-48A6-ADA0-47300AAEC66A}.Debug|Any CPU.ActiveCfg = Debug|Any CPU
		{FE40ABEA-6541-48A6-ADA0-47300AAEC66A}.Debug|Any CPU.Build.0 = Debug|Any CPU
		{FE40ABEA-6541-48A6-ADA0-47300AAEC66A}.Release|Any CPU.ActiveCfg = Release|Any CPU
		{FE40ABEA-6541-48A6-ADA0-47300AAEC66A}.Release|Any CPU.Build.0 = Release|Any CPU
		{93FB6DEC-CDD7-4F9D-B28F-1673D2B22F9B}.Debug|Any CPU.ActiveCfg = Debug|Any CPU
		{93FB6DEC-CDD7-4F9D-B28F-1673D2B22F9B}.Debug|Any CPU.Build.0 = Debug|Any CPU
		{93FB6DEC-CDD7-4F9D-B28F-1673D2B22F9B}.Release|Any CPU.ActiveCfg = Release|Any CPU
		{93FB6DEC-CDD7-4F9D-B28F-1673D2B22F9B}.Release|Any CPU.Build.0 = Release|Any CPU
		{24F8E779-41A7-4978-88D6-EA7452F58292}.Debug|Any CPU.ActiveCfg = Debug|Any CPU
		{24F8E779-41A7-4978-88D6-EA7452F58292}.Debug|Any CPU.Build.0 = Debug|Any CPU
		{24F8E779-41A7-4978-88D6-EA7452F58292}.Release|Any CPU.ActiveCfg = Release|Any CPU
		{24F8E779-41A7-4978-88D6-EA7452F58292}.Release|Any CPU.Build.0 = Release|Any CPU
		{4ABDAB31-851C-47B6-8C70-79A7CC84D129}.Debug|Any CPU.ActiveCfg = Debug|Any CPU
		{4ABDAB31-851C-47B6-8C70-79A7CC84D129}.Debug|Any CPU.Build.0 = Debug|Any CPU
		{4ABDAB31-851C-47B6-8C70-79A7CC84D129}.Release|Any CPU.ActiveCfg = Release|Any CPU
		{4ABDAB31-851C-47B6-8C70-79A7CC84D129}.Release|Any CPU.Build.0 = Release|Any CPU
		{F589F25C-7A95-45B2-9D24-D565DA2B4114}.Debug|Any CPU.ActiveCfg = Debug|Any CPU
		{F589F25C-7A95-45B2-9D24-D565DA2B4114}.Debug|Any CPU.Build.0 = Debug|Any CPU
		{F589F25C-7A95-45B2-9D24-D565DA2B4114}.Release|Any CPU.ActiveCfg = Release|Any CPU
		{F589F25C-7A95-45B2-9D24-D565DA2B4114}.Release|Any CPU.Build.0 = Release|Any CPU
		{0D0E8357-0C1C-4061-A961-87F8ADC44852}.Debug|Any CPU.ActiveCfg = Debug|Any CPU
		{0D0E8357-0C1C-4061-A961-87F8ADC44852}.Debug|Any CPU.Build.0 = Debug|Any CPU
		{0D0E8357-0C1C-4061-A961-87F8ADC44852}.Release|Any CPU.ActiveCfg = Release|Any CPU
		{0D0E8357-0C1C-4061-A961-87F8ADC44852}.Release|Any CPU.Build.0 = Release|Any CPU
		{074B21D2-FC85-484C-AE1A-2172CDCB50B0}.Debug|Any CPU.ActiveCfg = Debug|Any CPU
		{074B21D2-FC85-484C-AE1A-2172CDCB50B0}.Debug|Any CPU.Build.0 = Debug|Any CPU
		{074B21D2-FC85-484C-AE1A-2172CDCB50B0}.Release|Any CPU.ActiveCfg = Release|Any CPU
		{074B21D2-FC85-484C-AE1A-2172CDCB50B0}.Release|Any CPU.Build.0 = Release|Any CPU
		{C587E4DA-7C4B-4C83-88E2-888B6F7D5436}.Debug|Any CPU.ActiveCfg = Debug|Any CPU
		{C587E4DA-7C4B-4C83-88E2-888B6F7D5436}.Debug|Any CPU.Build.0 = Debug|Any CPU
		{C587E4DA-7C4B-4C83-88E2-888B6F7D5436}.Release|Any CPU.ActiveCfg = Release|Any CPU
		{C587E4DA-7C4B-4C83-88E2-888B6F7D5436}.Release|Any CPU.Build.0 = Release|Any CPU
		{305A460D-3E4C-4A1B-AB31-BDC92DF2C86F}.Debug|Any CPU.ActiveCfg = Debug|Any CPU
		{305A460D-3E4C-4A1B-AB31-BDC92DF2C86F}.Debug|Any CPU.Build.0 = Debug|Any CPU
		{305A460D-3E4C-4A1B-AB31-BDC92DF2C86F}.Release|Any CPU.ActiveCfg = Release|Any CPU
		{305A460D-3E4C-4A1B-AB31-BDC92DF2C86F}.Release|Any CPU.Build.0 = Release|Any CPU
		{CE7F84D5-EB30-4D26-A351-8D96752B5799}.Debug|Any CPU.ActiveCfg = Debug|Any CPU
		{CE7F84D5-EB30-4D26-A351-8D96752B5799}.Debug|Any CPU.Build.0 = Debug|Any CPU
		{CE7F84D5-EB30-4D26-A351-8D96752B5799}.Release|Any CPU.ActiveCfg = Release|Any CPU
		{CE7F84D5-EB30-4D26-A351-8D96752B5799}.Release|Any CPU.Build.0 = Release|Any CPU
	EndGlobalSection
	GlobalSection(NestedProjects) = preSolution
		{91627A2E-F3C8-4001-A2CF-B885357E1499} = {817EB6F9-E9E0-4B23-BFDA-473B0AB6CA45}
		{68113F24-43A5-46FE-8194-21D60DFB6B72} = {91627A2E-F3C8-4001-A2CF-B885357E1499}
		{7C09929F-889E-4F55-80AB-3F3BFC5F2346} = {68113F24-43A5-46FE-8194-21D60DFB6B72}
		{63FCF8F9-E577-418D-BCAC-F55499047492} = {68113F24-43A5-46FE-8194-21D60DFB6B72}
		{79230496-D7D3-4E36-BBA3-9C3F3C5025D2} = {91627A2E-F3C8-4001-A2CF-B885357E1499}
		{ACFAC2AC-AE5F-475E-87B2-4C76753C1FD2} = {91627A2E-F3C8-4001-A2CF-B885357E1499}
		{52CD0C33-3683-4E09-8241-DA26350E0073} = {ACFAC2AC-AE5F-475E-87B2-4C76753C1FD2}
		{D09A6751-5CDB-4E56-B7D7-054E67A4CBB0} = {ACFAC2AC-AE5F-475E-87B2-4C76753C1FD2}
		{FE40ABEA-6541-48A6-ADA0-47300AAEC66A} = {ACFAC2AC-AE5F-475E-87B2-4C76753C1FD2}
		{850B043F-E5F0-48C1-95AF-17E9F1F1BFFC} = {91627A2E-F3C8-4001-A2CF-B885357E1499}
		{93FB6DEC-CDD7-4F9D-B28F-1673D2B22F9B} = {850B043F-E5F0-48C1-95AF-17E9F1F1BFFC}
		{24F8E779-41A7-4978-88D6-EA7452F58292} = {850B043F-E5F0-48C1-95AF-17E9F1F1BFFC}
		{4ABDAB31-851C-47B6-8C70-79A7CC84D129} = {850B043F-E5F0-48C1-95AF-17E9F1F1BFFC}
		{B8AE5316-5E40-44D8-8C40-1116966F6292} = {91627A2E-F3C8-4001-A2CF-B885357E1499}
		{F589F25C-7A95-45B2-9D24-D565DA2B4114} = {B8AE5316-5E40-44D8-8C40-1116966F6292}
		{0D0E8357-0C1C-4061-A961-87F8ADC44852} = {B8AE5316-5E40-44D8-8C40-1116966F6292}
		{074B21D2-FC85-484C-AE1A-2172CDCB50B0} = {B8AE5316-5E40-44D8-8C40-1116966F6292}
		{C587E4DA-7C4B-4C83-88E2-888B6F7D5436} = {817EB6F9-E9E0-4B23-BFDA-473B0AB6CA45}
		{6ED0C966-1A96-4B17-B7E2-51B783E6E10D} = {817EB6F9-E9E0-4B23-BFDA-473B0AB6CA45}
		{CE7F84D5-EB30-4D26-A351-8D96752B5799} = {6ED0C966-1A96-4B17-B7E2-51B783E6E10D}
	EndGlobalSection
EndGlobal
